
Microsoft Visual Studio Solution File, Format Version 12.00
# Visual Studio 2012
Project("{FAE04EC0-301F-11D3-BF4B-00C04F79EFBC}") = "BToGRS80", "BToGRS80\BToGRS80.csproj", "{BB69C9E1-ACB2-4396-993A-C513D6CAF1DF}"
EndProject
Project("{FAE04EC0-301F-11D3-BF4B-00C04F79EFBC}") = "SuperMap.Convert.KoreaCoordinate", "SuperMap.Convert.KoreaCoordinate\SuperMap.Convert.KoreaCoordinate.csproj", "{3B93B0D4-B1E5-4267-B139-92BD1472B847}"
EndProject
Global
	GlobalSection(SubversionScc) = preSolution
		Svn-Managed = True
		Manager = AnkhSVN - Subversion Support for Visual Studio
	EndGlobalSection
	GlobalSection(SolutionConfigurationPlatforms) = preSolution
		Debug|Any CPU = Debug|Any CPU
		Debug|x64 = Debug|x64
		Debug|x86 = Debug|x86
		Release|Any CPU = Release|Any CPU
		Release|x64 = Release|x64
		Release|x86 = Release|x86
	EndGlobalSection
	GlobalSection(ProjectConfigurationPlatforms) = postSolution
		{BB69C9E1-ACB2-4396-993A-C513D6CAF1DF}.Debug|Any CPU.ActiveCfg = Debug|Any CPU
		{BB69C9E1-ACB2-4396-993A-C513D6CAF1DF}.Debug|Any CPU.Build.0 = Debug|Any CPU
		{BB69C9E1-ACB2-4396-993A-C513D6CAF1DF}.Debug|x64.ActiveCfg = Debug|x86
		{BB69C9E1-ACB2-4396-993A-C513D6CAF1DF}.Debug|x64.Build.0 = Debug|x86
		{BB69C9E1-ACB2-4396-993A-C513D6CAF1DF}.Debug|x86.ActiveCfg = Debug|x86
		{BB69C9E1-ACB2-4396-993A-C513D6CAF1DF}.Debug|x86.Build.0 = Debug|x86
		{BB69C9E1-ACB2-4396-993A-C513D6CAF1DF}.Release|Any CPU.ActiveCfg = Release|Any CPU
		{BB69C9E1-ACB2-4396-993A-C513D6CAF1DF}.Release|Any CPU.Build.0 = Release|Any CPU
		{BB69C9E1-ACB2-4396-993A-C513D6CAF1DF}.Release|x64.ActiveCfg = Release|x64
		{BB69C9E1-ACB2-4396-993A-C513D6CAF1DF}.Release|x64.Build.0 = Release|x64
		{BB69C9E1-ACB2-4396-993A-C513D6CAF1DF}.Release|x86.ActiveCfg = Release|x86
		{BB69C9E1-ACB2-4396-993A-C513D6CAF1DF}.Release|x86.Build.0 = Release|x86
		{3B93B0D4-B1E5-4267-B139-92BD1472B847}.Debug|Any CPU.ActiveCfg = Release|Any CPU
		{3B93B0D4-B1E5-4267-B139-92BD1472B847}.Debug|Any CPU.Build.0 = Release|Any CPU
		{3B93B0D4-B1E5-4267-B139-92BD1472B847}.Debug|x64.ActiveCfg = Debug|x86
		{3B93B0D4-B1E5-4267-B139-92BD1472B847}.Debug|x64.Build.0 = Debug|x86
		{3B93B0D4-B1E5-4267-B139-92BD1472B847}.Debug|x86.ActiveCfg = Debug|x86
		{3B93B0D4-B1E5-4267-B139-92BD1472B847}.Debug|x86.Build.0 = Debug|x86
		{3B93B0D4-B1E5-4267-B139-92BD1472B847}.Release|Any CPU.ActiveCfg = Release|Any CPU
		{3B93B0D4-B1E5-4267-B139-92BD1472B847}.Release|Any CPU.Build.0 = Release|Any CPU
		{3B93B0D4-B1E5-4267-B139-92BD1472B847}.Release|x64.ActiveCfg = Release|x64
		{3B93B0D4-B1E5-4267-B139-92BD1472B847}.Release|x64.Build.0 = Release|x64
		{3B93B0D4-B1E5-4267-B139-92BD1472B847}.Release|x86.ActiveCfg = Release|x86
		{3B93B0D4-B1E5-4267-B139-92BD1472B847}.Release|x86.Build.0 = Release|x86
	EndGlobalSection
	GlobalSection(SolutionProperties) = preSolution
		HideSolutionNode = FALSE
	EndGlobalSection
EndGlobal
